
Microsoft Visual Studio Solution File, Format Version 12.00
# Visual Studio 2013
VisualStudioVersion = 12.0.21005.1
MinimumVisualStudioVersion = 10.0.40219.1
Project("{8BC9CEB8-8B4A-11D0-8D11-00A0C91BC942}") = "RedisServer", "RedisServer.vcxproj", "{46842776-68A5-EC98-6A09-1859BBFC73AA}"
	ProjectSection(ProjectDependencies) = postProject
		{170B0909-5F75-467F-9501-C99DEC16C6DC} = {170B0909-5F75-467F-9501-C99DEC16C6DC}
		{13E85053-54B3-487B-8DDB-3430B1C1B3BF} = {13E85053-54B3-487B-8DDB-3430B1C1B3BF}
		{392BBB91-3934-4A56-AF42-65C5728311E8} = {392BBB91-3934-4A56-AF42-65C5728311E8}
		{52193A97-D010-41D6-BF2B-33E8E764E308} = {52193A97-D010-41D6-BF2B-33E8E764E308}
		{B00D4BB5-44DE-405E-839C-D16F547006CF} = {B00D4BB5-44DE-405E-839C-D16F547006CF}
		{A65C2CD6-72A3-441A-AEA3-D754BEA9A86A} = {A65C2CD6-72A3-441A-AEA3-D754BEA9A86A}
	EndProjectSection
EndProject
Project("{8BC9CEB8-8B4A-11D0-8D11-00A0C91BC942}") = "hiredis", "hiredis\hiredis.vcxproj", "{13E85053-54B3-487B-8DDB-3430B1C1B3BF}"
EndProject
Project("{8BC9CEB8-8B4A-11D0-8D11-00A0C91BC942}") = "RedisBenchmark", "RedisBenchmark\RedisBenchmark.vcxproj", "{B00D4BB5-44DE-405E-839C-D16F547006CF}"
	ProjectSection(ProjectDependencies) = postProject
		{13E85053-54B3-487B-8DDB-3430B1C1B3BF} = {13E85053-54B3-487B-8DDB-3430B1C1B3BF}
	EndProjectSection
EndProject
Project("{8BC9CEB8-8B4A-11D0-8D11-00A0C91BC942}") = "RedisCheckAof", "RedisCheckAof\RedisCheckAof.vcxproj", "{A65C2CD6-72A3-441A-AEA3-D754BEA9A86A}"
EndProject
Project("{8BC9CEB8-8B4A-11D0-8D11-00A0C91BC942}") = "RedisCheckDump", "RedisCheckDump\RedisCheckDump.vcxproj", "{52193A97-D010-41D6-BF2B-33E8E764E308}"
EndProject
Project("{8BC9CEB8-8B4A-11D0-8D11-00A0C91BC942}") = "RedisCli", "RedisCli\RedisCli.vcxproj", "{392BBB91-3934-4A56-AF42-65C5728311E8}"
	ProjectSection(ProjectDependencies) = postProject
		{13E85053-54B3-487B-8DDB-3430B1C1B3BF} = {13E85053-54B3-487B-8DDB-3430B1C1B3BF}
	EndProjectSection
EndProject
Project("{8BC9CEB8-8B4A-11D0-8D11-00A0C91BC942}") = "lua", "lua\lua\lua.vcxproj", "{170B0909-5F75-467F-9501-C99DEC16C6DC}"
EndProject
Project("{8BC9CEB8-8B4A-11D0-8D11-00A0C91BC942}") = "Win32_Interop", "..\src\Win32_Interop\Win32_Interop.vcxproj", "{8C07F811-C81C-432C-B334-1AE6FAECF951}"
EndProject
Project("{FAE04EC0-301F-11D3-BF4B-00C04F79EFBC}") = "ReleasePackagingTool", "ReleasePackagingTool\ReleasePackagingTool.csproj", "{74A69E5D-6540-43CC-9975-20989BF19EB0}"
	ProjectSection(ProjectDependencies) = postProject
		{46842776-68A5-EC98-6A09-1859BBFC73AA} = {46842776-68A5-EC98-6A09-1859BBFC73AA}
		{392BBB91-3934-4A56-AF42-65C5728311E8} = {392BBB91-3934-4A56-AF42-65C5728311E8}
		{52193A97-D010-41D6-BF2B-33E8E764E308} = {52193A97-D010-41D6-BF2B-33E8E764E308}
		{B00D4BB5-44DE-405E-839C-D16F547006CF} = {B00D4BB5-44DE-405E-839C-D16F547006CF}
		{A65C2CD6-72A3-441A-AEA3-D754BEA9A86A} = {A65C2CD6-72A3-441A-AEA3-D754BEA9A86A}
	EndProjectSection
EndProject
Project("{2150E333-8FDC-42A3-9474-1A3956D46DE8}") = "NewFolder1", "NewFolder1", "{B5D029E6-5535-4185-B28C-40A9672F8A4A}"
	ProjectSection(SolutionItems) = preProject
		..\..\thredis\src\.gitignore = ..\..\thredis\src\.gitignore
		..\..\thredis\src\adlist.c = ..\..\thredis\src\adlist.c
		..\..\thredis\src\adlist.h = ..\..\thredis\src\adlist.h
		..\..\thredis\src\ae.c = ..\..\thredis\src\ae.c
		..\..\thredis\src\ae.h = ..\..\thredis\src\ae.h
		..\..\thredis\src\ae_epoll.c = ..\..\thredis\src\ae_epoll.c
		..\..\thredis\src\ae_evport.c = ..\..\thredis\src\ae_evport.c
		..\..\thredis\src\ae_kqueue.c = ..\..\thredis\src\ae_kqueue.c
		..\..\thredis\src\ae_select.c = ..\..\thredis\src\ae_select.c
		..\..\thredis\src\anet.c = ..\..\thredis\src\anet.c
		..\..\thredis\src\anet.h = ..\..\thredis\src\anet.h
		..\..\thredis\src\aof.c = ..\..\thredis\src\aof.c
		..\..\thredis\src\asciilogo.h = ..\..\thredis\src\asciilogo.h
		..\..\thredis\src\bio.c = ..\..\thredis\src\bio.c
		..\..\thredis\src\bio.h = ..\..\thredis\src\bio.h
		..\..\thredis\src\bitops.c = ..\..\thredis\src\bitops.c
		..\..\thredis\src\config.c = ..\..\thredis\src\config.c
		..\..\thredis\src\config.h = ..\..\thredis\src\config.h
		..\..\thredis\src\crc64.c = ..\..\thredis\src\crc64.c
		..\..\thredis\src\db.c = ..\..\thredis\src\db.c
		..\..\thredis\src\debug.c = ..\..\thredis\src\debug.c
		..\..\thredis\src\dict.c = ..\..\thredis\src\dict.c
		..\..\thredis\src\dict.h = ..\..\thredis\src\dict.h
		..\..\thredis\src\endianconv.c = ..\..\thredis\src\endianconv.c
		..\..\thredis\src\endianconv.h = ..\..\thredis\src\endianconv.h
		..\..\thredis\src\fmacros.h = ..\..\thredis\src\fmacros.h
		..\..\thredis\src\help.h = ..\..\thredis\src\help.h
		..\..\thredis\src\intset.c = ..\..\thredis\src\intset.c
		..\..\thredis\src\intset.h = ..\..\thredis\src\intset.h
		..\..\thredis\src\lzf.h = ..\..\thredis\src\lzf.h
		..\..\thredis\src\lzf_c.c = ..\..\thredis\src\lzf_c.c
		..\..\thredis\src\lzf_d.c = ..\..\thredis\src\lzf_d.c
		..\..\thredis\src\lzfP.h = ..\..\thredis\src\lzfP.h
		..\..\thredis\src\Makefile = ..\..\thredis\src\Makefile
		..\..\thredis\src\Makefile.dep = ..\..\thredis\src\Makefile.dep
		..\..\thredis\src\memtest.c = ..\..\thredis\src\memtest.c
		..\..\thredis\src\migrate.c = ..\..\thredis\src\migrate.c
		..\..\thredis\src\mkreleasehdr.sh = ..\..\thredis\src\mkreleasehdr.sh
		..\..\thredis\src\multi.c = ..\..\thredis\src\multi.c
		..\..\thredis\src\networking.c = ..\..\thredis\src\networking.c
		..\..\thredis\src\object.c = ..\..\thredis\src\object.c
		..\..\thredis\src\pqsort.c = ..\..\thredis\src\pqsort.c
		..\..\thredis\src\pqsort.h = ..\..\thredis\src\pqsort.h
		..\..\thredis\src\pubsub.c = ..\..\thredis\src\pubsub.c
		..\..\thredis\src\rand.c = ..\..\thredis\src\rand.c
		..\..\thredis\src\rand.h = ..\..\thredis\src\rand.h
		..\..\thredis\src\rdb.c = ..\..\thredis\src\rdb.c
		..\..\thredis\src\rdb.h = ..\..\thredis\src\rdb.h
		..\..\thredis\src\redis-benchmark.c = ..\..\thredis\src\redis-benchmark.c
		..\..\thredis\src\redis-check-aof.c = ..\..\thredis\src\redis-check-aof.c
		..\..\thredis\src\redis-check-dump.c = ..\..\thredis\src\redis-check-dump.c
		..\..\thredis\src\redis-cli.c = ..\..\thredis\src\redis-cli.c
		..\..\thredis\src\redis.c = ..\..\thredis\src\redis.c
		..\..\thredis\src\redis.h = ..\..\thredis\src\redis.h
		..\..\thredis\src\release.c = ..\..\thredis\src\release.c
		..\..\thredis\src\replication.c = ..\..\thredis\src\replication.c
		..\..\thredis\src\rio.c = ..\..\thredis\src\rio.c
		..\..\thredis\src\rio.h = ..\..\thredis\src\rio.h
		..\..\thredis\src\scripting.c = ..\..\thredis\src\scripting.c
		..\..\thredis\src\sds.c = ..\..\thredis\src\sds.c
		..\..\thredis\src\sds.h = ..\..\thredis\src\sds.h
		..\..\thredis\src\sentinel.c = ..\..\thredis\src\sentinel.c
		..\..\thredis\src\sha1.c = ..\..\thredis\src\sha1.c
		..\..\thredis\src\sha1.h = ..\..\thredis\src\sha1.h
		..\..\thredis\src\slowlog.c = ..\..\thredis\src\slowlog.c
		..\..\thredis\src\slowlog.h = ..\..\thredis\src\slowlog.h
		..\..\thredis\src\solarisfixes.h = ..\..\thredis\src\solarisfixes.h
		..\..\thredis\src\sort.c = ..\..\thredis\src\sort.c
		..\..\thredis\src\sql.c = ..\..\thredis\src\sql.c
		..\..\thredis\src\sqlite3.c = ..\..\thredis\src\sqlite3.c
		..\..\thredis\src\sqlite3.h = ..\..\thredis\src\sqlite3.h
		..\..\thredis\src\syncio.c = ..\..\thredis\src\syncio.c
		..\..\thredis\src\t_hash.c = ..\..\thredis\src\t_hash.c
		..\..\thredis\src\t_list.c = ..\..\thredis\src\t_list.c
		..\..\thredis\src\t_set.c = ..\..\thredis\src\t_set.c
		..\..\thredis\src\t_string.c = ..\..\thredis\src\t_string.c
		..\..\thredis\src\t_zset.c = ..\..\thredis\src\t_zset.c
		..\..\thredis\src\testhelp.h = ..\..\thredis\src\testhelp.h
		..\..\thredis\src\threadpool.c = ..\..\thredis\src\threadpool.c
		..\..\thredis\src\threadpool.h = ..\..\thredis\src\threadpool.h
		..\..\thredis\src\util.c = ..\..\thredis\src\util.c
		..\..\thredis\src\util.h = ..\..\thredis\src\util.h
		..\..\thredis\src\valgrind.sup = ..\..\thredis\src\valgrind.sup
		..\..\thredis\src\version.h = ..\..\thredis\src\version.h
		..\..\thredis\src\ziplist.c = ..\..\thredis\src\ziplist.c
		..\..\thredis\src\ziplist.h = ..\..\thredis\src\ziplist.h
		..\..\thredis\src\zipmap.c = ..\..\thredis\src\zipmap.c
		..\..\thredis\src\zipmap.h = ..\..\thredis\src\zipmap.h
		..\..\thredis\src\zmalloc.c = ..\..\thredis\src\zmalloc.c
		..\..\thredis\src\zmalloc.h = ..\..\thredis\src\zmalloc.h
	EndProjectSection
EndProject
Project("{8BC9CEB8-8B4A-11D0-8D11-00A0C91BC942}") = "mlib", "..\deps\mlib\mlib.vcxproj", "{D2B4EADE-A5B5-472F-BD18-470B187BBECC}"
EndProject
Global
	GlobalSection(SolutionConfigurationPlatforms) = preSolution
		Debug|Win32 = Debug|Win32
		Debug|x64 = Debug|x64
		Release|Win32 = Release|Win32
		Release|x64 = Release|x64
	EndGlobalSection
	GlobalSection(ProjectConfigurationPlatforms) = postSolution
		{46842776-68A5-EC98-6A09-1859BBFC73AA}.Debug|Win32.ActiveCfg = Debug|Win32
		{46842776-68A5-EC98-6A09-1859BBFC73AA}.Debug|Win32.Build.0 = Debug|Win32
		{46842776-68A5-EC98-6A09-1859BBFC73AA}.Debug|x64.ActiveCfg = Debug|x64
		{46842776-68A5-EC98-6A09-1859BBFC73AA}.Debug|x64.Build.0 = Debug|x64
		{46842776-68A5-EC98-6A09-1859BBFC73AA}.Release|Win32.ActiveCfg = Release|Win32
		{46842776-68A5-EC98-6A09-1859BBFC73AA}.Release|Win32.Build.0 = Release|Win32
		{46842776-68A5-EC98-6A09-1859BBFC73AA}.Release|x64.ActiveCfg = Release|x64
		{46842776-68A5-EC98-6A09-1859BBFC73AA}.Release|x64.Build.0 = Release|x64
		{13E85053-54B3-487B-8DDB-3430B1C1B3BF}.Debug|Win32.ActiveCfg = Debug|Win32
		{13E85053-54B3-487B-8DDB-3430B1C1B3BF}.Debug|Win32.Build.0 = Debug|Win32
		{13E85053-54B3-487B-8DDB-3430B1C1B3BF}.Debug|x64.ActiveCfg = Debug|x64
		{13E85053-54B3-487B-8DDB-3430B1C1B3BF}.Debug|x64.Build.0 = Debug|x64
		{13E85053-54B3-487B-8DDB-3430B1C1B3BF}.Release|Win32.ActiveCfg = Release|Win32
		{13E85053-54B3-487B-8DDB-3430B1C1B3BF}.Release|Win32.Build.0 = Release|Win32
		{13E85053-54B3-487B-8DDB-3430B1C1B3BF}.Release|x64.ActiveCfg = Release|x64
		{13E85053-54B3-487B-8DDB-3430B1C1B3BF}.Release|x64.Build.0 = Release|x64
		{B00D4BB5-44DE-405E-839C-D16F547006CF}.Debug|Win32.ActiveCfg = Debug|Win32
		{B00D4BB5-44DE-405E-839C-D16F547006CF}.Debug|Win32.Build.0 = Debug|Win32
		{B00D4BB5-44DE-405E-839C-D16F547006CF}.Debug|x64.ActiveCfg = Debug|x64
		{B00D4BB5-44DE-405E-839C-D16F547006CF}.Debug|x64.Build.0 = Debug|x64
		{B00D4BB5-44DE-405E-839C-D16F547006CF}.Release|Win32.ActiveCfg = Release|Win32
		{B00D4BB5-44DE-405E-839C-D16F547006CF}.Release|Win32.Build.0 = Release|Win32
		{B00D4BB5-44DE-405E-839C-D16F547006CF}.Release|x64.ActiveCfg = Release|x64
		{B00D4BB5-44DE-405E-839C-D16F547006CF}.Release|x64.Build.0 = Release|x64
		{A65C2CD6-72A3-441A-AEA3-D754BEA9A86A}.Debug|Win32.ActiveCfg = Debug|Win32
		{A65C2CD6-72A3-441A-AEA3-D754BEA9A86A}.Debug|Win32.Build.0 = Debug|Win32
		{A65C2CD6-72A3-441A-AEA3-D754BEA9A86A}.Debug|x64.ActiveCfg = Debug|x64
		{A65C2CD6-72A3-441A-AEA3-D754BEA9A86A}.Debug|x64.Build.0 = Debug|x64
		{A65C2CD6-72A3-441A-AEA3-D754BEA9A86A}.Release|Win32.ActiveCfg = Release|Win32
		{A65C2CD6-72A3-441A-AEA3-D754BEA9A86A}.Release|Win32.Build.0 = Release|Win32
		{A65C2CD6-72A3-441A-AEA3-D754BEA9A86A}.Release|x64.ActiveCfg = Release|x64
		{A65C2CD6-72A3-441A-AEA3-D754BEA9A86A}.Release|x64.Build.0 = Release|x64
		{52193A97-D010-41D6-BF2B-33E8E764E308}.Debug|Win32.ActiveCfg = Debug|Win32
		{52193A97-D010-41D6-BF2B-33E8E764E308}.Debug|Win32.Build.0 = Debug|Win32
		{52193A97-D010-41D6-BF2B-33E8E764E308}.Debug|x64.ActiveCfg = Debug|x64
		{52193A97-D010-41D6-BF2B-33E8E764E308}.Debug|x64.Build.0 = Debug|x64
		{52193A97-D010-41D6-BF2B-33E8E764E308}.Release|Win32.ActiveCfg = Release|Win32
		{52193A97-D010-41D6-BF2B-33E8E764E308}.Release|Win32.Build.0 = Release|Win32
		{52193A97-D010-41D6-BF2B-33E8E764E308}.Release|x64.ActiveCfg = Release|x64
		{52193A97-D010-41D6-BF2B-33E8E764E308}.Release|x64.Build.0 = Release|x64
		{392BBB91-3934-4A56-AF42-65C5728311E8}.Debug|Win32.ActiveCfg = Debug|Win32
		{392BBB91-3934-4A56-AF42-65C5728311E8}.Debug|Win32.Build.0 = Debug|Win32
		{392BBB91-3934-4A56-AF42-65C5728311E8}.Debug|x64.ActiveCfg = Debug|x64
		{392BBB91-3934-4A56-AF42-65C5728311E8}.Debug|x64.Build.0 = Debug|x64
		{392BBB91-3934-4A56-AF42-65C5728311E8}.Release|Win32.ActiveCfg = Release|Win32
		{392BBB91-3934-4A56-AF42-65C5728311E8}.Release|Win32.Build.0 = Release|Win32
		{392BBB91-3934-4A56-AF42-65C5728311E8}.Release|x64.ActiveCfg = Release|x64
		{392BBB91-3934-4A56-AF42-65C5728311E8}.Release|x64.Build.0 = Release|x64
		{170B0909-5F75-467F-9501-C99DEC16C6DC}.Debug|Win32.ActiveCfg = Debug|Win32
		{170B0909-5F75-467F-9501-C99DEC16C6DC}.Debug|Win32.Build.0 = Debug|Win32
		{170B0909-5F75-467F-9501-C99DEC16C6DC}.Debug|x64.ActiveCfg = Debug|x64
		{170B0909-5F75-467F-9501-C99DEC16C6DC}.Debug|x64.Build.0 = Debug|x64
		{170B0909-5F75-467F-9501-C99DEC16C6DC}.Release|Win32.ActiveCfg = Release|Win32
		{170B0909-5F75-467F-9501-C99DEC16C6DC}.Release|Win32.Build.0 = Release|Win32
		{170B0909-5F75-467F-9501-C99DEC16C6DC}.Release|x64.ActiveCfg = Release|x64
		{170B0909-5F75-467F-9501-C99DEC16C6DC}.Release|x64.Build.0 = Release|x64
		{8C07F811-C81C-432C-B334-1AE6FAECF951}.Debug|Win32.ActiveCfg = Debug|Win32
		{8C07F811-C81C-432C-B334-1AE6FAECF951}.Debug|Win32.Build.0 = Debug|Win32
		{8C07F811-C81C-432C-B334-1AE6FAECF951}.Debug|x64.ActiveCfg = Debug|x64
		{8C07F811-C81C-432C-B334-1AE6FAECF951}.Debug|x64.Build.0 = Debug|x64
		{8C07F811-C81C-432C-B334-1AE6FAECF951}.Release|Win32.ActiveCfg = Release|Win32
		{8C07F811-C81C-432C-B334-1AE6FAECF951}.Release|Win32.Build.0 = Release|Win32
		{8C07F811-C81C-432C-B334-1AE6FAECF951}.Release|x64.ActiveCfg = Release|x64
		{8C07F811-C81C-432C-B334-1AE6FAECF951}.Release|x64.Build.0 = Release|x64
		{74A69E5D-6540-43CC-9975-20989BF19EB0}.Debug|Win32.ActiveCfg = Debug|x64
		{74A69E5D-6540-43CC-9975-20989BF19EB0}.Debug|x64.ActiveCfg = Release|x64
		{74A69E5D-6540-43CC-9975-20989BF19EB0}.Release|Win32.ActiveCfg = Release|x64
		{74A69E5D-6540-43CC-9975-20989BF19EB0}.Release|x64.ActiveCfg = Release|x64
		{74A69E5D-6540-43CC-9975-20989BF19EB0}.Release|x64.Build.0 = Release|x64
		{D2B4EADE-A5B5-472F-BD18-470B187BBECC}.Debug|Win32.ActiveCfg = Debug|Win32
		{D2B4EADE-A5B5-472F-BD18-470B187BBECC}.Debug|Win32.Build.0 = Debug|Win32
		{D2B4EADE-A5B5-472F-BD18-470B187BBECC}.Debug|x64.ActiveCfg = Debug|x64
		{D2B4EADE-A5B5-472F-BD18-470B187BBECC}.Debug|x64.Build.0 = Debug|x64
		{D2B4EADE-A5B5-472F-BD18-470B187BBECC}.Release|Win32.ActiveCfg = Release|Win32
		{D2B4EADE-A5B5-472F-BD18-470B187BBECC}.Release|Win32.Build.0 = Release|Win32
		{D2B4EADE-A5B5-472F-BD18-470B187BBECC}.Release|x64.ActiveCfg = Release|x64
		{D2B4EADE-A5B5-472F-BD18-470B187BBECC}.Release|x64.Build.0 = Release|x64
	EndGlobalSection
	GlobalSection(SolutionProperties) = preSolution
		HideSolutionNode = FALSE
	EndGlobalSection
	GlobalSection(Performance) = preSolution
		HasPerformanceSessions = true
	EndGlobalSection
EndGlobal
